// !$*UTF8*$!
{
	archiveVersion = 1;
	classes = {
	};
	objectVersion = 56;
	objects = {

/* Begin PBXBuildFile section */
		C81C512A2BB3306E006AF4E3 /* FriendsPage.swift in Sources */ = {isa = PBXBuildFile; fileRef = C81C51292BB3306E006AF4E3 /* FriendsPage.swift */; };
		C81C512C2BB3316C006AF4E3 /* scan_icon.swift in Sources */ = {isa = PBXBuildFile; fileRef = C81C512B2BB3316C006AF4E3 /* scan_icon.swift */; };
		C81C51312BB33707006AF4E3 /* AddEvent.swift in Sources */ = {isa = PBXBuildFile; fileRef = C81C512D2BB33704006AF4E3 /* AddEvent.swift */; };
		C81C51322BB33707006AF4E3 /* FormatDate.swift in Sources */ = {isa = PBXBuildFile; fileRef = C81C512E2BB33704006AF4E3 /* FormatDate.swift */; };
		C81C51332BB33707006AF4E3 /* CalendarView.swift in Sources */ = {isa = PBXBuildFile; fileRef = C81C512F2BB33706006AF4E3 /* CalendarView.swift */; };
		C81C51342BB33707006AF4E3 /* ViewDate.swift in Sources */ = {isa = PBXBuildFile; fileRef = C81C51302BB33707006AF4E3 /* ViewDate.swift */; };
		C8479E072BB5D8DB0097027C /* Choice.swift in Sources */ = {isa = PBXBuildFile; fileRef = C8479E062BB5D8DA0097027C /* Choice.swift */; };
		C854763D2B979259005C348A /* SeeUThere2_0App.swift in Sources */ = {isa = PBXBuildFile; fileRef = C854763C2B979259005C348A /* SeeUThere2_0App.swift */; };
		C854763F2B979259005C348A /* ContentView.swift in Sources */ = {isa = PBXBuildFile; fileRef = C854763E2B979259005C348A /* ContentView.swift */; };
		C85476412B97925F005C348A /* Assets.xcassets in Resources */ = {isa = PBXBuildFile; fileRef = C85476402B97925F005C348A /* Assets.xcassets */; };
		C85476442B97925F005C348A /* Preview Assets.xcassets in Resources */ = {isa = PBXBuildFile; fileRef = C85476432B97925F005C348A /* Preview Assets.xcassets */; };
		C85476542B979B80005C348A /* UserPage.swift in Sources */ = {isa = PBXBuildFile; fileRef = C85476532B979B80005C348A /* UserPage.swift */; };
		C85476562B979B9D005C348A /* Search.swift in Sources */ = {isa = PBXBuildFile; fileRef = C85476552B979B9D005C348A /* Search.swift */; };
		C86464AF2BA3636100F36966 /* SharedData.swift in Sources */ = {isa = PBXBuildFile; fileRef = C86464AE2BA3636100F36966 /* SharedData.swift */; };
		C893F6892B9A6560005C530F /* OrgSignUp.swift in Sources */ = {isa = PBXBuildFile; fileRef = C893F6852B9A655F005C530F /* OrgSignUp.swift */; };
		C893F68A2B9A6560005C530F /* just_logo.swift in Sources */ = {isa = PBXBuildFile; fileRef = C893F6862B9A655F005C530F /* just_logo.swift */; };
		C893F68B2B9A6560005C530F /* logo_login.swift in Sources */ = {isa = PBXBuildFile; fileRef = C893F6872B9A6560005C530F /* logo_login.swift */; };
		C893F68C2B9A6560005C530F /* LoginView.swift in Sources */ = {isa = PBXBuildFile; fileRef = C893F6882B9A6560005C530F /* LoginView.swift */; };
		C893F68E2B9A6567005C530F /* SignUpView.swift in Sources */ = {isa = PBXBuildFile; fileRef = C893F68D2B9A6567005C530F /* SignUpView.swift */; };
		C893F6902B9A6579005C530F /* UserSignUp.swift in Sources */ = {isa = PBXBuildFile; fileRef = C893F68F2B9A6579005C530F /* UserSignUp.swift */; };
/* End PBXBuildFile section */

/* Begin PBXFileReference section */
		C81C51292BB3306E006AF4E3 /* FriendsPage.swift */ = {isa = PBXFileReference; fileEncoding = 4; lastKnownFileType = sourcecode.swift; name = FriendsPage.swift; path = "../../../../../Downloads/Event App/Event App/FriendsPage.swift"; sourceTree = "<group>"; };
		C81C512B2BB3316C006AF4E3 /* scan_icon.swift */ = {isa = PBXFileReference; fileEncoding = 4; lastKnownFileType = sourcecode.swift; name = scan_icon.swift; path = "../../../../../Downloads/Event App/Event App/scan_icon.swift"; sourceTree = "<group>"; };
		C81C512D2BB33704006AF4E3 /* AddEvent.swift */ = {isa = PBXFileReference; fileEncoding = 4; lastKnownFileType = sourcecode.swift; name = AddEvent.swift; path = ../../../../../Downloads/wardsUpdates/AddEvent.swift; sourceTree = "<group>"; };
		C81C512E2BB33704006AF4E3 /* FormatDate.swift */ = {isa = PBXFileReference; fileEncoding = 4; lastKnownFileType = sourcecode.swift; name = FormatDate.swift; path = ../../../../../Downloads/wardsUpdates/FormatDate.swift; sourceTree = "<group>"; };
		C81C512F2BB33706006AF4E3 /* CalendarView.swift */ = {isa = PBXFileReference; fileEncoding = 4; lastKnownFileType = sourcecode.swift; name = CalendarView.swift; path = ../../../../../Downloads/wardsUpdates/CalendarView.swift; sourceTree = "<group>"; };
		C81C51302BB33707006AF4E3 /* ViewDate.swift */ = {isa = PBXFileReference; fileEncoding = 4; lastKnownFileType = sourcecode.swift; name = ViewDate.swift; path = ../../../../../Downloads/wardsUpdates/ViewDate.swift; sourceTree = "<group>"; };
		C8479E062BB5D8DA0097027C /* Choice.swift */ = {isa = PBXFileReference; fileEncoding = 4; lastKnownFileType = sourcecode.swift; name = Choice.swift; path = "../../../../../Downloads/Event App 2/Event App/Choice.swift"; sourceTree = "<group>"; };
		C85476392B979259005C348A /* SeeUThere2.0.app */ = {isa = PBXFileReference; explicitFileType = wrapper.application; includeInIndex = 0; path = SeeUThere2.0.app; sourceTree = BUILT_PRODUCTS_DIR; };
		C854763C2B979259005C348A /* SeeUThere2_0App.swift */ = {isa = PBXFileReference; lastKnownFileType = sourcecode.swift; path = SeeUThere2_0App.swift; sourceTree = "<group>"; };
		C854763E2B979259005C348A /* ContentView.swift */ = {isa = PBXFileReference; indentWidth = 4; lastKnownFileType = sourcecode.swift; path = ContentView.swift; sourceTree = "<group>"; tabWidth = 4; usesTabs = 0; wrapsLines = 1; };
		C85476402B97925F005C348A /* Assets.xcassets */ = {isa = PBXFileReference; lastKnownFileType = folder.assetcatalog; path = Assets.xcassets; sourceTree = "<group>"; };
		C85476432B97925F005C348A /* Preview Assets.xcassets */ = {isa = PBXFileReference; lastKnownFileType = folder.assetcatalog; path = "Preview Assets.xcassets"; sourceTree = "<group>"; };
		C85476532B979B80005C348A /* UserPage.swift */ = {isa = PBXFileReference; lastKnownFileType = sourcecode.swift; path = UserPage.swift; sourceTree = "<group>"; };
		C85476552B979B9D005C348A /* Search.swift */ = {isa = PBXFileReference; lastKnownFileType = sourcecode.swift; path = Search.swift; sourceTree = "<group>"; };
		C86464AE2BA3636100F36966 /* SharedData.swift */ = {isa = PBXFileReference; lastKnownFileType = sourcecode.swift; path = SharedData.swift; sourceTree = "<group>"; };
		C893F6852B9A655F005C530F /* OrgSignUp.swift */ = {isa = PBXFileReference; fileEncoding = 4; lastKnownFileType = sourcecode.swift; path = OrgSignUp.swift; sourceTree = "<group>"; };
		C893F6862B9A655F005C530F /* just_logo.swift */ = {isa = PBXFileReference; fileEncoding = 4; lastKnownFileType = sourcecode.swift; path = just_logo.swift; sourceTree = "<group>"; };
		C893F6872B9A6560005C530F /* logo_login.swift */ = {isa = PBXFileReference; fileEncoding = 4; lastKnownFileType = sourcecode.swift; path = logo_login.swift; sourceTree = "<group>"; };
		C893F6882B9A6560005C530F /* LoginView.swift */ = {isa = PBXFileReference; fileEncoding = 4; lastKnownFileType = sourcecode.swift; path = LoginView.swift; sourceTree = "<group>"; };
		C893F68D2B9A6567005C530F /* SignUpView.swift */ = {isa = PBXFileReference; fileEncoding = 4; lastKnownFileType = sourcecode.swift; path = SignUpView.swift; sourceTree = "<group>"; };
		C893F68F2B9A6579005C530F /* UserSignUp.swift */ = {isa = PBXFileReference; fileEncoding = 4; lastKnownFileType = sourcecode.swift; path = UserSignUp.swift; sourceTree = "<group>"; };
/* End PBXFileReference section */

/* Begin PBXFrameworksBuildPhase section */
		C85476362B979259005C348A /* Frameworks */ = {
			isa = PBXFrameworksBuildPhase;
			buildActionMask = 2147483647;
			files = (
			);
			runOnlyForDeploymentPostprocessing = 0;
		};
/* End PBXFrameworksBuildPhase section */

/* Begin PBXGroup section */
		C85476302B979259005C348A = {
			isa = PBXGroup;
			children = (
				C854763B2B979259005C348A /* SeeUThere2.0 */,
				C854763A2B979259005C348A /* Products */,
			);
			sourceTree = "<group>";
		};
		C854763A2B979259005C348A /* Products */ = {
			isa = PBXGroup;
			children = (
				C85476392B979259005C348A /* SeeUThere2.0.app */,
			);
			name = Products;
			sourceTree = "<group>";
		};
		C854763B2B979259005C348A /* SeeUThere2.0 */ = {
			isa = PBXGroup;
			children = (
				C854764A2B979294005C348A /* Pages */,
				C854763C2B979259005C348A /* SeeUThere2_0App.swift */,
				C854763E2B979259005C348A /* ContentView.swift */,
				C85476402B97925F005C348A /* Assets.xcassets */,
				C85476422B97925F005C348A /* Preview Content */,
			);
			path = SeeUThere2.0;
			sourceTree = "<group>";
		};
		C85476422B97925F005C348A /* Preview Content */ = {
			isa = PBXGroup;
			children = (
				C85476432B97925F005C348A /* Preview Assets.xcassets */,
			);
			path = "Preview Content";
			sourceTree = "<group>";
		};
		C854764A2B979294005C348A /* Pages */ = {
			isa = PBXGroup;
			children = (
				C893F6862B9A655F005C530F /* just_logo.swift */,
				C893F68F2B9A6579005C530F /* UserSignUp.swift */,
				C893F6882B9A6560005C530F /* LoginView.swift */,
				C893F6872B9A6560005C530F /* logo_login.swift */,
				C893F6852B9A655F005C530F /* OrgSignUp.swift */,
				C81C512B2BB3316C006AF4E3 /* scan_icon.swift */,
				C81C512D2BB33704006AF4E3 /* AddEvent.swift */,
				C81C512F2BB33706006AF4E3 /* CalendarView.swift */,
				C81C51302BB33707006AF4E3 /* ViewDate.swift */,
				C85476532B979B80005C348A /* UserPage.swift */,
				C81C512E2BB33704006AF4E3 /* FormatDate.swift */,
				C86464AE2BA3636100F36966 /* SharedData.swift */,
				C893F68D2B9A6567005C530F /* SignUpView.swift */,
				C81C51292BB3306E006AF4E3 /* FriendsPage.swift */,
				C85476552B979B9D005C348A /* Search.swift */,
				C8479E062BB5D8DA0097027C /* Choice.swift */,
			);
			path = Pages;
			sourceTree = "<group>";
		};
/* End PBXGroup section */

/* Begin PBXNativeTarget section */
		C85476382B979259005C348A /* SeeUThere2.0 */ = {
			isa = PBXNativeTarget;
			buildConfigurationList = C85476472B97925F005C348A /* Build configuration list for PBXNativeTarget "SeeUThere2.0" */;
			buildPhases = (
				C85476352B979259005C348A /* Sources */,
				C85476362B979259005C348A /* Frameworks */,
				C85476372B979259005C348A /* Resources */,
			);
			buildRules = (
			);
			dependencies = (
			);
			name = SeeUThere2.0;
			productName = SeeUThere2.0;
			productReference = C85476392B979259005C348A /* SeeUThere2.0.app */;
			productType = "com.apple.product-type.application";
		};
/* End PBXNativeTarget section */

/* Begin PBXProject section */
		C85476312B979259005C348A /* Project object */ = {
			isa = PBXProject;
			attributes = {
				BuildIndependentTargetsInParallel = 1;
				LastSwiftUpdateCheck = 1430;
				LastUpgradeCheck = 1430;
				TargetAttributes = {
					C85476382B979259005C348A = {
						CreatedOnToolsVersion = 14.3.1;
					};
				};
			};
			buildConfigurationList = C85476342B979259005C348A /* Build configuration list for PBXProject "SeeUThere2.0" */;
			compatibilityVersion = "Xcode 14.0";
			developmentRegion = en;
			hasScannedForEncodings = 0;
			knownRegions = (
				en,
				Base,
			);
			mainGroup = C85476302B979259005C348A;
			productRefGroup = C854763A2B979259005C348A /* Products */;
			projectDirPath = "";
			projectRoot = "";
			targets = (
				C85476382B979259005C348A /* SeeUThere2.0 */,
			);
		};
/* End PBXProject section */

/* Begin PBXResourcesBuildPhase section */
		C85476372B979259005C348A /* Resources */ = {
			isa = PBXResourcesBuildPhase;
			buildActionMask = 2147483647;
			files = (
				C85476442B97925F005C348A /* Preview Assets.xcassets in Resources */,
				C85476412B97925F005C348A /* Assets.xcassets in Resources */,
			);
			runOnlyForDeploymentPostprocessing = 0;
		};
/* End PBXResourcesBuildPhase section */

/* Begin PBXSourcesBuildPhase section */
		C85476352B979259005C348A /* Sources */ = {
			isa = PBXSourcesBuildPhase;
			buildActionMask = 2147483647;
			files = (
				C86464AF2BA3636100F36966 /* SharedData.swift in Sources */,
				C81C512C2BB3316C006AF4E3 /* scan_icon.swift in Sources */,
				C81C51322BB33707006AF4E3 /* FormatDate.swift in Sources */,
				C81C51332BB33707006AF4E3 /* CalendarView.swift in Sources */,
				C81C51342BB33707006AF4E3 /* ViewDate.swift in Sources */,
				C893F68A2B9A6560005C530F /* just_logo.swift in Sources */,
				C854763F2B979259005C348A /* ContentView.swift in Sources */,
				C893F6892B9A6560005C530F /* OrgSignUp.swift in Sources */,
				C893F6902B9A6579005C530F /* UserSignUp.swift in Sources */,
				C81C51312BB33707006AF4E3 /* AddEvent.swift in Sources */,
				C8479E072BB5D8DB0097027C /* Choice.swift in Sources */,
				C854763D2B979259005C348A /* SeeUThere2_0App.swift in Sources */,
				C893F68E2B9A6567005C530F /* SignUpView.swift in Sources */,
				C893F68B2B9A6560005C530F /* logo_login.swift in Sources */,
				C85476562B979B9D005C348A /* Search.swift in Sources */,
				C85476542B979B80005C348A /* UserPage.swift in Sources */,
				C81C512A2BB3306E006AF4E3 /* FriendsPage.swift in Sources */,
				C893F68C2B9A6560005C530F /* LoginView.swift in Sources */,
			);
			runOnlyForDeploymentPostprocessing = 0;
		};
/* End PBXSourcesBuildPhase section */

/* Begin XCBuildConfiguration section */
		C85476452B97925F005C348A /* Debug */ = {
			isa = XCBuildConfiguration;
			buildSettings = {
				ALWAYS_SEARCH_USER_PATHS = NO;
				CLANG_ANALYZER_NONNULL = YES;
				CLANG_ANALYZER_NUMBER_OBJECT_CONVERSION = YES_AGGRESSIVE;
				CLANG_CXX_LANGUAGE_STANDARD = "gnu++20";
				CLANG_ENABLE_MODULES = YES;
				CLANG_ENABLE_OBJC_ARC = YES;
				CLANG_ENABLE_OBJC_WEAK = YES;
				CLANG_WARN_BLOCK_CAPTURE_AUTORELEASING = YES;
				CLANG_WARN_BOOL_CONVERSION = YES;
				CLANG_WARN_COMMA = YES;
				CLANG_WARN_CONSTANT_CONVERSION = YES;
				CLANG_WARN_DEPRECATED_OBJC_IMPLEMENTATIONS = YES;
				CLANG_WARN_DIRECT_OBJC_ISA_USAGE = YES_ERROR;
				CLANG_WARN_DOCUMENTATION_COMMENTS = YES;
				CLANG_WARN_EMPTY_BODY = YES;
				CLANG_WARN_ENUM_CONVERSION = YES;
				CLANG_WARN_INFINITE_RECURSION = YES;
				CLANG_WARN_INT_CONVERSION = YES;
				CLANG_WARN_NON_LITERAL_NULL_CONVERSION = YES;
				CLANG_WARN_OBJC_IMPLICIT_RETAIN_SELF = YES;
				CLANG_WARN_OBJC_LITERAL_CONVERSION = YES;
				CLANG_WARN_OBJC_ROOT_CLASS = YES_ERROR;
				CLANG_WARN_QUOTED_INCLUDE_IN_FRAMEWORK_HEADER = YES;
				CLANG_WARN_RANGE_LOOP_ANALYSIS = YES;
				CLANG_WARN_STRICT_PROTOTYPES = YES;
				CLANG_WARN_SUSPICIOUS_MOVE = YES;
				CLANG_WARN_UNGUARDED_AVAILABILITY = YES_AGGRESSIVE;
				CLANG_WARN_UNREACHABLE_CODE = YES;
				CLANG_WARN__DUPLICATE_METHOD_MATCH = YES;
				COPY_PHASE_STRIP = NO;
				DEBUG_INFORMATION_FORMAT = dwarf;
				ENABLE_STRICT_OBJC_MSGSEND = YES;
				ENABLE_TESTABILITY = YES;
				GCC_C_LANGUAGE_STANDARD = gnu11;
				GCC_DYNAMIC_NO_PIC = NO;
				GCC_NO_COMMON_BLOCKS = YES;
				GCC_OPTIMIZATION_LEVEL = 0;
				GCC_PREPROCESSOR_DEFINITIONS = (
					"DEBUG=1",
					"$(inherited)",
				);
				GCC_WARN_64_TO_32_BIT_CONVERSION = YES;
				GCC_WARN_ABOUT_RETURN_TYPE = YES_ERROR;
				GCC_WARN_UNDECLARED_SELECTOR = YES;
				GCC_WARN_UNINITIALIZED_AUTOS = YES_AGGRESSIVE;
				GCC_WARN_UNUSED_FUNCTION = YES;
				GCC_WARN_UNUSED_VARIABLE = YES;
				IPHONEOS_DEPLOYMENT_TARGET = 16.4;
				MTL_ENABLE_DEBUG_INFO = INCLUDE_SOURCE;
				MTL_FAST_MATH = YES;
				ONLY_ACTIVE_ARCH = YES;
				SDKROOT = iphoneos;
				SWIFT_ACTIVE_COMPILATION_CONDITIONS = DEBUG;
				SWIFT_OPTIMIZATION_LEVEL = "-Onone";
			};
			name = Debug;
		};
		C85476462B97925F005C348A /* Release */ = {
			isa = XCBuildConfiguration;
			buildSettings = {
				ALWAYS_SEARCH_USER_PATHS = NO;
				CLANG_ANALYZER_NONNULL = YES;
				CLANG_ANALYZER_NUMBER_OBJECT_CONVERSION = YES_AGGRESSIVE;
				CLANG_CXX_LANGUAGE_STANDARD = "gnu++20";
				CLANG_ENABLE_MODULES = YES;
				CLANG_ENABLE_OBJC_ARC = YES;
				CLANG_ENABLE_OBJC_WEAK = YES;
				CLANG_WARN_BLOCK_CAPTURE_AUTORELEASING = YES;
				CLANG_WARN_BOOL_CONVERSION = YES;
				CLANG_WARN_COMMA = YES;
				CLANG_WARN_CONSTANT_CONVERSION = YES;
				CLANG_WARN_DEPRECATED_OBJC_IMPLEMENTATIONS = YES;
				CLANG_WARN_DIRECT_OBJC_ISA_USAGE = YES_ERROR;
				CLANG_WARN_DOCUMENTATION_COMMENTS = YES;
				CLANG_WARN_EMPTY_BODY = YES;
				CLANG_WARN_ENUM_CONVERSION = YES;
				CLANG_WARN_INFINITE_RECURSION = YES;
				CLANG_WARN_INT_CONVERSION = YES;
				CLANG_WARN_NON_LITERAL_NULL_CONVERSION = YES;
				CLANG_WARN_OBJC_IMPLICIT_RETAIN_SELF = YES;
				CLANG_WARN_OBJC_LITERAL_CONVERSION = YES;
				CLANG_WARN_OBJC_ROOT_CLASS = YES_ERROR;
				CLANG_WARN_QUOTED_INCLUDE_IN_FRAMEWORK_HEADER = YES;
				CLANG_WARN_RANGE_LOOP_ANALYSIS = YES;
				CLANG_WARN_STRICT_PROTOTYPES = YES;
				CLANG_WARN_SUSPICIOUS_MOVE = YES;
				CLANG_WARN_UNGUARDED_AVAILABILITY = YES_AGGRESSIVE;
				CLANG_WARN_UNREACHABLE_CODE = YES;
				CLANG_WARN__DUPLICATE_METHOD_MATCH = YES;
				COPY_PHASE_STRIP = NO;
				DEBUG_INFORMATION_FORMAT = "dwarf-with-dsym";
				ENABLE_NS_ASSERTIONS = NO;
				ENABLE_STRICT_OBJC_MSGSEND = YES;
				GCC_C_LANGUAGE_STANDARD = gnu11;
				GCC_NO_COMMON_BLOCKS = YES;
				GCC_WARN_64_TO_32_BIT_CONVERSION = YES;
				GCC_WARN_ABOUT_RETURN_TYPE = YES_ERROR;
				GCC_WARN_UNDECLARED_SELECTOR = YES;
				GCC_WARN_UNINITIALIZED_AUTOS = YES_AGGRESSIVE;
				GCC_WARN_UNUSED_FUNCTION = YES;
				GCC_WARN_UNUSED_VARIABLE = YES;
				IPHONEOS_DEPLOYMENT_TARGET = 16.4;
				MTL_ENABLE_DEBUG_INFO = NO;
				MTL_FAST_MATH = YES;
				SDKROOT = iphoneos;
				SWIFT_COMPILATION_MODE = wholemodule;
				SWIFT_OPTIMIZATION_LEVEL = "-O";
				VALIDATE_PRODUCT = YES;
			};
			name = Release;
		};
		C85476482B97925F005C348A /* Debug */ = {
			isa = XCBuildConfiguration;
			buildSettings = {
				ASSETCATALOG_COMPILER_APPICON_NAME = AppIcon;
				ASSETCATALOG_COMPILER_GLOBAL_ACCENT_COLOR_NAME = AccentColor;
				CODE_SIGN_STYLE = Automatic;
				CURRENT_PROJECT_VERSION = 1;
				DEVELOPMENT_ASSET_PATHS = "\"SeeUThere2.0/Preview Content\"";
				DEVELOPMENT_TEAM = 2V7WVQKZBV;
				ENABLE_PREVIEWS = YES;
				GENERATE_INFOPLIST_FILE = YES;
				INFOPLIST_KEY_UIApplicationSceneManifest_Generation = YES;
				INFOPLIST_KEY_UIApplicationSupportsIndirectInputEvents = YES;
				INFOPLIST_KEY_UILaunchScreen_Generation = YES;
				INFOPLIST_KEY_UISupportedInterfaceOrientations_iPad = "UIInterfaceOrientationPortrait UIInterfaceOrientationPortraitUpsideDown UIInterfaceOrientationLandscapeLeft UIInterfaceOrientationLandscapeRight";
				INFOPLIST_KEY_UISupportedInterfaceOrientations_iPhone = "UIInterfaceOrientationPortrait UIInterfaceOrientationLandscapeLeft UIInterfaceOrientationLandscapeRight";
				LD_RUNPATH_SEARCH_PATHS = (
					"$(inherited)",
					"@executable_path/Frameworks",
				);
				MARKETING_VERSION = 1.0;
				PRODUCT_BUNDLE_IDENTIFIER = .com.DeltaMarshallers.SeeUThere2.0;
				PRODUCT_NAME = "$(TARGET_NAME)";
				SWIFT_EMIT_LOC_STRINGS = YES;
				SWIFT_VERSION = 5.0;
				TARGETED_DEVICE_FAMILY = "1,2";
			};
			name = Debug;
		};
		C85476492B97925F005C348A /* Release */ = {
			isa = XCBuildConfiguration;
			buildSettings = {
				ASSETCATALOG_COMPILER_APPICON_NAME = AppIcon;
				ASSETCATALOG_COMPILER_GLOBAL_ACCENT_COLOR_NAME = AccentColor;
				CODE_SIGN_STYLE = Automatic;
				CURRENT_PROJECT_VERSION = 1;
				DEVELOPMENT_ASSET_PATHS = "\"SeeUThere2.0/Preview Content\"";
				DEVELOPMENT_TEAM = 2V7WVQKZBV;
				ENABLE_PREVIEWS = YES;
				GENERATE_INFOPLIST_FILE = YES;
				INFOPLIST_KEY_UIApplicationSceneManifest_Generation = YES;
				INFOPLIST_KEY_UIApplicationSupportsIndirectInputEvents = YES;
				INFOPLIST_KEY_UILaunchScreen_Generation = YES;
				INFOPLIST_KEY_UISupportedInterfaceOrientations_iPad = "UIInterfaceOrientationPortrait UIInterfaceOrientationPortraitUpsideDown UIInterfaceOrientationLandscapeLeft UIInterfaceOrientationLandscapeRight";
				INFOPLIST_KEY_UISupportedInterfaceOrientations_iPhone = "UIInterfaceOrientationPortrait UIInterfaceOrientationLandscapeLeft UIInterfaceOrientationLandscapeRight";
				LD_RUNPATH_SEARCH_PATHS = (
					"$(inherited)",
					"@executable_path/Frameworks",
				);
				MARKETING_VERSION = 1.0;
				PRODUCT_BUNDLE_IDENTIFIER = .com.DeltaMarshallers.SeeUThere2.0;
				PRODUCT_NAME = "$(TARGET_NAME)";
				SWIFT_EMIT_LOC_STRINGS = YES;
				SWIFT_VERSION = 5.0;
				TARGETED_DEVICE_FAMILY = "1,2";
			};
			name = Release;
		};
/* End XCBuildConfiguration section */

/* Begin XCConfigurationList section */
		C85476342B979259005C348A /* Build configuration list for PBXProject "SeeUThere2.0" */ = {
			isa = XCConfigurationList;
			buildConfigurations = (
				C85476452B97925F005C348A /* Debug */,
				C85476462B97925F005C348A /* Release */,
			);
			defaultConfigurationIsVisible = 0;
			defaultConfigurationName = Release;
		};
		C85476472B97925F005C348A /* Build configuration list for PBXNativeTarget "SeeUThere2.0" */ = {
			isa = XCConfigurationList;
			buildConfigurations = (
				C85476482B97925F005C348A /* Debug */,
				C85476492B97925F005C348A /* Release */,
			);
			defaultConfigurationIsVisible = 0;
			defaultConfigurationName = Release;
		};
/* End XCConfigurationList section */
	};
	rootObject = C85476312B979259005C348A /* Project object */;
}
